<?xml version="1.0" encoding="UTF-8" standalone="yes" ?>
<CodeBlocks_project_file>
	<FileVersion major="1" minor="6" />
	<Project>
		<Option title="GroupProject2" />
		<Option pch_mode="2" />
		<Option compiler="gcc" />
		<Build>
			<Target title="Debug">
				<Option output="bin/Debug/GroupProject2" prefix_auto="1" extension_auto="1" />
				<Option object_output="obj/Debug/" />
				<Option type="1" />
				<Option compiler="gcc" />
				<Compiler>
					<Add option="-g" />
				</Compiler>
			</Target>
			<Target title="Release">
				<Option output="bin/Release/GroupProject2" prefix_auto="1" extension_auto="1" />
				<Option object_output="obj/Release/" />
				<Option type="1" />
				<Option compiler="gcc" />
				<Compiler>
					<Add option="-O2" />
				</Compiler>
				<Linker>
					<Add option="-s" />
				</Linker>
			</Target>
		</Build>
		<Compiler>
			<Add option="-Wall" />
			<Add option="-fexceptions" />
		</Compiler>
		<Unit filename="Embl.cpp" />
		<Unit filename="Embl.h" />
		<Unit filename="Emlb.h" />
		<Unit filename="Fasta.cpp" />
		<Unit filename="Fasta.h" />
		<Unit filename="Format.cpp" />
		<Unit filename="Format.h" />
		<Unit filename="Gcg.cpp" />
		<Unit filename="Gcg.h" />
		<Unit filename="Genbank.cpp" />
		<Unit filename="Genbank.h" />
		<Unit filename="Plain.cpp" />
		<Unit filename="Plain.h" />
		<Unit filename="Raw.h" />
		<Unit filename="Simple.cpp" />
		<Unit filename="Simple.h" />
		<Unit filename="main.cpp" />
		<Extensions>
			<lib_finder disable_auto="1" />
		</Extensions>
	</Project>
</CodeBlocks_project_file>
